
Microsoft Visual Studio Solution File, Format Version 12.00
# Visual Studio Version 16
VisualStudioVersion = 16.0.31005.135
MinimumVisualStudioVersion = 10.0.40219.1
Project("{9A19103F-16F7-4668-BE54-9A1E7A4F7556}") = "INTEX2", "INTEX2.csproj", "{4841FD3E-24ED-410A-806E-813496BBDAD7}"
EndProject
Global
	GlobalSection(SolutionConfigurationPlatforms) = preSolution
		Debug|Any CPU = Debug|Any CPU
		Release|Any CPU = Release|Any CPU
	EndGlobalSection
	GlobalSection(ProjectConfigurationPlatforms) = postSolution
		{4841FD3E-24ED-410A-806E-813496BBDAD7}.Debug|Any CPU.ActiveCfg = Debug|Any CPU
		{4841FD3E-24ED-410A-806E-813496BBDAD7}.Debug|Any CPU.Build.0 = Debug|Any CPU
		{4841FD3E-24ED-410A-806E-813496BBDAD7}.Release|Any CPU.ActiveCfg = Release|Any CPU
		{4841FD3E-24ED-410A-806E-813496BBDAD7}.Release|Any CPU.Build.0 = Release|Any CPU
	EndGlobalSection
	GlobalSection(SolutionProperties) = preSolution
		HideSolutionNode = FALSE
	EndGlobalSection
	GlobalSection(ExtensibilityGlobals) = postSolution
		SolutionGuid = {E3313FCD-81D7-4608-8C70-9F77F784EFB0}
	EndGlobalSection
EndGlobal
